
Microsoft Visual Studio Solution File, Format Version 12.00
# Visual Studio Version 17
VisualStudioVersion = 17.5.2.0
MinimumVisualStudioVersion = 10.0.40219.1
Project("{2150E333-8FDC-42A3-9474-1A3956D46DE8}") = "Classes-AED", "Classes-AED", "{8DA89284-6B0C-EEF9-E04D-1A994C348B69}"
EndProject
Project("{2150E333-8FDC-42A3-9474-1A3956D46DE8}") = "Recursividade", "Recursividade", "{0E9F50B5-A41C-4D17-FB1C-46D7321C7739}"
EndProject
Project("{2150E333-8FDC-42A3-9474-1A3956D46DE8}") = "Revisão-AED", "Revisão-AED", "{FA427BCF-ACBC-3D5E-8CAF-F6E8CD2FF6FD}"
EndProject
Project("{FAE04EC0-301F-11D3-BF4B-00C04F79EFBC}") = "Atividade1", "Classes-AED\Atividade1\Atividade1.csproj", "{19108463-E8B4-EF25-501E-81BB1F8CC5E4}"
EndProject
Project("{FAE04EC0-301F-11D3-BF4B-00C04F79EFBC}") = "Atividade1", "Recursividade\Atividade1\Atividade1.csproj", "{C55C9423-E7C2-8E39-99DD-6C5CA91E063B}"
EndProject
Project("{FAE04EC0-301F-11D3-BF4B-00C04F79EFBC}") = "Atividade2", "Recursividade\Atividade2\Atividade2.csproj", "{39F2E5DD-9FA2-ADFC-437B-E92CC4EF65EA}"
EndProject
Project("{FAE04EC0-301F-11D3-BF4B-00C04F79EFBC}") = "Atividade3", "Recursividade\Atividade3\Atividade3.csproj", "{2D8CD161-31A2-C470-0D2B-679B1CD16DF2}"
EndProject
Project("{FAE04EC0-301F-11D3-BF4B-00C04F79EFBC}") = "Básicos", "Revisão-AED\Atividade1\Básicos.csproj", "{5F4428EB-737F-4E6D-6EA5-CE8FD76A133A}"
EndProject
Project("{FAE04EC0-301F-11D3-BF4B-00C04F79EFBC}") = "Atividade10", "Revisão-AED\Atividade10\Atividade10.csproj", "{611F32EF-3885-2696-39AE-8E50AAA9D0EF}"
EndProject
Project("{FAE04EC0-301F-11D3-BF4B-00C04F79EFBC}") = "Atividade11", "Revisão-AED\Atividade11\Atividade11.csproj", "{7D987325-0D54-1BEE-1F9D-8B1FBFF94E13}"
EndProject
Project("{FAE04EC0-301F-11D3-BF4B-00C04F79EFBC}") = "Atividade12", "Revisão-AED\Atividade12\Atividade12.csproj", "{67F42A8F-FEC6-BACF-85C0-A5623D041CEC}"
EndProject
Project("{FAE04EC0-301F-11D3-BF4B-00C04F79EFBC}") = "Atividade13", "Revisão-AED\Atividade13\Atividade13.csproj", "{03C01786-EF99-20E7-A891-5E3C0192F401}"
EndProject
Project("{FAE04EC0-301F-11D3-BF4B-00C04F79EFBC}") = "Atividade14", "Revisão-AED\Atividade14\Atividade14.csproj", "{3B23A2D0-7E53-AA02-0663-6D0A6CDD7ABD}"
EndProject
Project("{FAE04EC0-301F-11D3-BF4B-00C04F79EFBC}") = "Atividade2", "Revisão-AED\Atividade2\Atividade2.csproj", "{F4DBD5F6-A284-CE95-131A-83DB7C58B5EE}"
EndProject
Project("{FAE04EC0-301F-11D3-BF4B-00C04F79EFBC}") = "Atividade3", "Revisão-AED\Atividade3\Atividade3.csproj", "{CA9E9E87-4E46-1D61-9B0B-AD7BE469926C}"
EndProject
Project("{FAE04EC0-301F-11D3-BF4B-00C04F79EFBC}") = "Atividade 4", "Revisão-AED\Atividade4\Atividade 4.csproj", "{F11565A7-8C3B-D01C-FBE3-B0A3856A29DD}"
EndProject
Project("{FAE04EC0-301F-11D3-BF4B-00C04F79EFBC}") = "Atividade5", "Revisão-AED\Atividade5\Atividade5.csproj", "{555813AB-DE5F-FBF6-00DA-FB83257CE90E}"
EndProject
Project("{FAE04EC0-301F-11D3-BF4B-00C04F79EFBC}") = "Atividade6", "Revisão-AED\Atividade6\Atividade6.csproj", "{1C47A826-2817-6115-AF12-BED75D525847}"
EndProject
Project("{FAE04EC0-301F-11D3-BF4B-00C04F79EFBC}") = "Atividade7", "Revisão-AED\Atividade7\Atividade7.csproj", "{146EE5D7-7347-4B78-E24F-6B986C32C2B7}"
EndProject
Project("{FAE04EC0-301F-11D3-BF4B-00C04F79EFBC}") = "Atividade8", "Revisão-AED\Atividade8\Atividade8.csproj", "{CD1A322D-CF01-B207-3F8F-DF52A1067517}"
EndProject
Project("{FAE04EC0-301F-11D3-BF4B-00C04F79EFBC}") = "Atividade9", "Revisão-AED\Atividade9\Atividade9.csproj", "{F8162C65-6F6E-1CC5-9907-D5DF54DC6AB7}"
EndProject
Global
	GlobalSection(SolutionConfigurationPlatforms) = preSolution
		Debug|Any CPU = Debug|Any CPU
		Release|Any CPU = Release|Any CPU
	EndGlobalSection
	GlobalSection(ProjectConfigurationPlatforms) = postSolution
		{19108463-E8B4-EF25-501E-81BB1F8CC5E4}.Debug|Any CPU.ActiveCfg = Debug|Any CPU
		{19108463-E8B4-EF25-501E-81BB1F8CC5E4}.Debug|Any CPU.Build.0 = Debug|Any CPU
		{19108463-E8B4-EF25-501E-81BB1F8CC5E4}.Release|Any CPU.ActiveCfg = Release|Any CPU
		{19108463-E8B4-EF25-501E-81BB1F8CC5E4}.Release|Any CPU.Build.0 = Release|Any CPU
		{C55C9423-E7C2-8E39-99DD-6C5CA91E063B}.Debug|Any CPU.ActiveCfg = Debug|Any CPU
		{C55C9423-E7C2-8E39-99DD-6C5CA91E063B}.Debug|Any CPU.Build.0 = Debug|Any CPU
		{C55C9423-E7C2-8E39-99DD-6C5CA91E063B}.Release|Any CPU.ActiveCfg = Release|Any CPU
		{C55C9423-E7C2-8E39-99DD-6C5CA91E063B}.Release|Any CPU.Build.0 = Release|Any CPU
		{39F2E5DD-9FA2-ADFC-437B-E92CC4EF65EA}.Debug|Any CPU.ActiveCfg = Debug|Any CPU
		{39F2E5DD-9FA2-ADFC-437B-E92CC4EF65EA}.Debug|Any CPU.Build.0 = Debug|Any CPU
		{39F2E5DD-9FA2-ADFC-437B-E92CC4EF65EA}.Release|Any CPU.ActiveCfg = Release|Any CPU
		{39F2E5DD-9FA2-ADFC-437B-E92CC4EF65EA}.Release|Any CPU.Build.0 = Release|Any CPU
		{2D8CD161-31A2-C470-0D2B-679B1CD16DF2}.Debug|Any CPU.ActiveCfg = Debug|Any CPU
		{2D8CD161-31A2-C470-0D2B-679B1CD16DF2}.Debug|Any CPU.Build.0 = Debug|Any CPU
		{2D8CD161-31A2-C470-0D2B-679B1CD16DF2}.Release|Any CPU.ActiveCfg = Release|Any CPU
		{2D8CD161-31A2-C470-0D2B-679B1CD16DF2}.Release|Any CPU.Build.0 = Release|Any CPU
		{5F4428EB-737F-4E6D-6EA5-CE8FD76A133A}.Debug|Any CPU.ActiveCfg = Debug|Any CPU
		{5F4428EB-737F-4E6D-6EA5-CE8FD76A133A}.Debug|Any CPU.Build.0 = Debug|Any CPU
		{5F4428EB-737F-4E6D-6EA5-CE8FD76A133A}.Release|Any CPU.ActiveCfg = Release|Any CPU
		{5F4428EB-737F-4E6D-6EA5-CE8FD76A133A}.Release|Any CPU.Build.0 = Release|Any CPU
		{611F32EF-3885-2696-39AE-8E50AAA9D0EF}.Debug|Any CPU.ActiveCfg = Debug|Any CPU
		{611F32EF-3885-2696-39AE-8E50AAA9D0EF}.Debug|Any CPU.Build.0 = Debug|Any CPU
		{611F32EF-3885-2696-39AE-8E50AAA9D0EF}.Release|Any CPU.ActiveCfg = Release|Any CPU
		{611F32EF-3885-2696-39AE-8E50AAA9D0EF}.Release|Any CPU.Build.0 = Release|Any CPU
		{7D987325-0D54-1BEE-1F9D-8B1FBFF94E13}.Debug|Any CPU.ActiveCfg = Debug|Any CPU
		{7D987325-0D54-1BEE-1F9D-8B1FBFF94E13}.Debug|Any CPU.Build.0 = Debug|Any CPU
		{7D987325-0D54-1BEE-1F9D-8B1FBFF94E13}.Release|Any CPU.ActiveCfg = Release|Any CPU
		{7D987325-0D54-1BEE-1F9D-8B1FBFF94E13}.Release|Any CPU.Build.0 = Release|Any CPU
		{67F42A8F-FEC6-BACF-85C0-A5623D041CEC}.Debug|Any CPU.ActiveCfg = Debug|Any CPU
		{67F42A8F-FEC6-BACF-85C0-A5623D041CEC}.Debug|Any CPU.Build.0 = Debug|Any CPU
		{67F42A8F-FEC6-BACF-85C0-A5623D041CEC}.Release|Any CPU.ActiveCfg = Release|Any CPU
		{67F42A8F-FEC6-BACF-85C0-A5623D041CEC}.Release|Any CPU.Build.0 = Release|Any CPU
		{03C01786-EF99-20E7-A891-5E3C0192F401}.Debug|Any CPU.ActiveCfg = Debug|Any CPU
		{03C01786-EF99-20E7-A891-5E3C0192F401}.Debug|Any CPU.Build.0 = Debug|Any CPU
		{03C01786-EF99-20E7-A891-5E3C0192F401}.Release|Any CPU.ActiveCfg = Release|Any CPU
		{03C01786-EF99-20E7-A891-5E3C0192F401}.Release|Any CPU.Build.0 = Release|Any CPU
		{3B23A2D0-7E53-AA02-0663-6D0A6CDD7ABD}.Debug|Any CPU.ActiveCfg = Debug|Any CPU
		{3B23A2D0-7E53-AA02-0663-6D0A6CDD7ABD}.Debug|Any CPU.Build.0 = Debug|Any CPU
		{3B23A2D0-7E53-AA02-0663-6D0A6CDD7ABD}.Release|Any CPU.ActiveCfg = Release|Any CPU
		{3B23A2D0-7E53-AA02-0663-6D0A6CDD7ABD}.Release|Any CPU.Build.0 = Release|Any CPU
		{F4DBD5F6-A284-CE95-131A-83DB7C58B5EE}.Debug|Any CPU.ActiveCfg = Debug|Any CPU
		{F4DBD5F6-A284-CE95-131A-83DB7C58B5EE}.Debug|Any CPU.Build.0 = Debug|Any CPU
		{F4DBD5F6-A284-CE95-131A-83DB7C58B5EE}.Release|Any CPU.ActiveCfg = Release|Any CPU
		{F4DBD5F6-A284-CE95-131A-83DB7C58B5EE}.Release|Any CPU.Build.0 = Release|Any CPU
		{CA9E9E87-4E46-1D61-9B0B-AD7BE469926C}.Debug|Any CPU.ActiveCfg = Debug|Any CPU
		{CA9E9E87-4E46-1D61-9B0B-AD7BE469926C}.Debug|Any CPU.Build.0 = Debug|Any CPU
		{CA9E9E87-4E46-1D61-9B0B-AD7BE469926C}.Release|Any CPU.ActiveCfg = Release|Any CPU
		{CA9E9E87-4E46-1D61-9B0B-AD7BE469926C}.Release|Any CPU.Build.0 = Release|Any CPU
		{F11565A7-8C3B-D01C-FBE3-B0A3856A29DD}.Debug|Any CPU.ActiveCfg = Debug|Any CPU
		{F11565A7-8C3B-D01C-FBE3-B0A3856A29DD}.Debug|Any CPU.Build.0 = Debug|Any CPU
		{F11565A7-8C3B-D01C-FBE3-B0A3856A29DD}.Release|Any CPU.ActiveCfg = Release|Any CPU
		{F11565A7-8C3B-D01C-FBE3-B0A3856A29DD}.Release|Any CPU.Build.0 = Release|Any CPU
		{555813AB-DE5F-FBF6-00DA-FB83257CE90E}.Debug|Any CPU.ActiveCfg = Debug|Any CPU
		{555813AB-DE5F-FBF6-00DA-FB83257CE90E}.Debug|Any CPU.Build.0 = Debug|Any CPU
		{555813AB-DE5F-FBF6-00DA-FB83257CE90E}.Release|Any CPU.ActiveCfg = Release|Any CPU
		{555813AB-DE5F-FBF6-00DA-FB83257CE90E}.Release|Any CPU.Build.0 = Release|Any CPU
		{1C47A826-2817-6115-AF12-BED75D525847}.Debug|Any CPU.ActiveCfg = Debug|Any CPU
		{1C47A826-2817-6115-AF12-BED75D525847}.Debug|Any CPU.Build.0 = Debug|Any CPU
		{1C47A826-2817-6115-AF12-BED75D525847}.Release|Any CPU.ActiveCfg = Release|Any CPU
		{1C47A826-2817-6115-AF12-BED75D525847}.Release|Any CPU.Build.0 = Release|Any CPU
		{146EE5D7-7347-4B78-E24F-6B986C32C2B7}.Debug|Any CPU.ActiveCfg = Debug|Any CPU
		{146EE5D7-7347-4B78-E24F-6B986C32C2B7}.Debug|Any CPU.Build.0 = Debug|Any CPU
		{146EE5D7-7347-4B78-E24F-6B986C32C2B7}.Release|Any CPU.ActiveCfg = Release|Any CPU
		{146EE5D7-7347-4B78-E24F-6B986C32C2B7}.Release|Any CPU.Build.0 = Release|Any CPU
		{CD1A322D-CF01-B207-3F8F-DF52A1067517}.Debug|Any CPU.ActiveCfg = Debug|Any CPU
		{CD1A322D-CF01-B207-3F8F-DF52A1067517}.Debug|Any CPU.Build.0 = Debug|Any CPU
		{CD1A322D-CF01-B207-3F8F-DF52A1067517}.Release|Any CPU.ActiveCfg = Release|Any CPU
		{CD1A322D-CF01-B207-3F8F-DF52A1067517}.Release|Any CPU.Build.0 = Release|Any CPU
		{F8162C65-6F6E-1CC5-9907-D5DF54DC6AB7}.Debug|Any CPU.ActiveCfg = Debug|Any CPU
		{F8162C65-6F6E-1CC5-9907-D5DF54DC6AB7}.Debug|Any CPU.Build.0 = Debug|Any CPU
		{F8162C65-6F6E-1CC5-9907-D5DF54DC6AB7}.Release|Any CPU.ActiveCfg = Release|Any CPU
		{F8162C65-6F6E-1CC5-9907-D5DF54DC6AB7}.Release|Any CPU.Build.0 = Release|Any CPU
	EndGlobalSection
	GlobalSection(SolutionProperties) = preSolution
		HideSolutionNode = FALSE
	EndGlobalSection
	GlobalSection(NestedProjects) = preSolution
		{19108463-E8B4-EF25-501E-81BB1F8CC5E4} = {8DA89284-6B0C-EEF9-E04D-1A994C348B69}
		{C55C9423-E7C2-8E39-99DD-6C5CA91E063B} = {0E9F50B5-A41C-4D17-FB1C-46D7321C7739}
		{39F2E5DD-9FA2-ADFC-437B-E92CC4EF65EA} = {0E9F50B5-A41C-4D17-FB1C-46D7321C7739}
		{2D8CD161-31A2-C470-0D2B-679B1CD16DF2} = {0E9F50B5-A41C-4D17-FB1C-46D7321C7739}
		{5F4428EB-737F-4E6D-6EA5-CE8FD76A133A} = {FA427BCF-ACBC-3D5E-8CAF-F6E8CD2FF6FD}
		{611F32EF-3885-2696-39AE-8E50AAA9D0EF} = {FA427BCF-ACBC-3D5E-8CAF-F6E8CD2FF6FD}
		{7D987325-0D54-1BEE-1F9D-8B1FBFF94E13} = {FA427BCF-ACBC-3D5E-8CAF-F6E8CD2FF6FD}
		{67F42A8F-FEC6-BACF-85C0-A5623D041CEC} = {FA427BCF-ACBC-3D5E-8CAF-F6E8CD2FF6FD}
		{03C01786-EF99-20E7-A891-5E3C0192F401} = {FA427BCF-ACBC-3D5E-8CAF-F6E8CD2FF6FD}
		{3B23A2D0-7E53-AA02-0663-6D0A6CDD7ABD} = {FA427BCF-ACBC-3D5E-8CAF-F6E8CD2FF6FD}
		{F4DBD5F6-A284-CE95-131A-83DB7C58B5EE} = {FA427BCF-ACBC-3D5E-8CAF-F6E8CD2FF6FD}
		{CA9E9E87-4E46-1D61-9B0B-AD7BE469926C} = {FA427BCF-ACBC-3D5E-8CAF-F6E8CD2FF6FD}
		{F11565A7-8C3B-D01C-FBE3-B0A3856A29DD} = {FA427BCF-ACBC-3D5E-8CAF-F6E8CD2FF6FD}
		{555813AB-DE5F-FBF6-00DA-FB83257CE90E} = {FA427BCF-ACBC-3D5E-8CAF-F6E8CD2FF6FD}
		{1C47A826-2817-6115-AF12-BED75D525847} = {FA427BCF-ACBC-3D5E-8CAF-F6E8CD2FF6FD}
		{146EE5D7-7347-4B78-E24F-6B986C32C2B7} = {FA427BCF-ACBC-3D5E-8CAF-F6E8CD2FF6FD}
		{CD1A322D-CF01-B207-3F8F-DF52A1067517} = {FA427BCF-ACBC-3D5E-8CAF-F6E8CD2FF6FD}
		{F8162C65-6F6E-1CC5-9907-D5DF54DC6AB7} = {FA427BCF-ACBC-3D5E-8CAF-F6E8CD2FF6FD}
	EndGlobalSection
	GlobalSection(ExtensibilityGlobals) = postSolution
		SolutionGuid = {C54921FC-C74A-4BD6-8DE4-5A1C8EDD56FB}
	EndGlobalSection
EndGlobal
